
Microsoft Visual Studio Solution File, Format Version 12.00
# Visual Studio 15
Project("{FAE04EC0-301F-11D3-BF4B-00C04F79EFBC}") = "SneakersUIApp.Android", "SneakersUIApp.Android\SneakersUIApp.Android.csproj", "{58405EA9-AFC1-4519-BE74-FCEC5B48C7CF}"
EndProject
Project("{FAE04EC0-301F-11D3-BF4B-00C04F79EFBC}") = "SneakersUIApp.iOS", "SneakersUIApp.iOS\SneakersUIApp.iOS.csproj", "{DE9F476D-6380-4DE7-BFC9-4F391C4A397A}"
EndProject
Project("{FAE04EC0-301F-11D3-BF4B-00C04F79EFBC}") = "SneakersUIApp", "SneakersUIApp\SneakersUIApp.csproj", "{C29D8896-F255-4F9C-BEFA-CD7DC9B69B3C}"
EndProject
Global
	GlobalSection(SolutionConfigurationPlatforms) = preSolution
		Debug|Any CPU = Debug|Any CPU
		Release|Any CPU = Release|Any CPU
		Debug|iPhoneSimulator = Debug|iPhoneSimulator
		Release|iPhoneSimulator = Release|iPhoneSimulator
		Debug|iPhone = Debug|iPhone
		Release|iPhone = Release|iPhone
	EndGlobalSection
	GlobalSection(ProjectConfigurationPlatforms) = postSolution
		{58405EA9-AFC1-4519-BE74-FCEC5B48C7CF}.Debug|Any CPU.ActiveCfg = Debug|Any CPU
		{58405EA9-AFC1-4519-BE74-FCEC5B48C7CF}.Debug|Any CPU.Build.0 = Debug|Any CPU
		{58405EA9-AFC1-4519-BE74-FCEC5B48C7CF}.Release|Any CPU.ActiveCfg = Release|Any CPU
		{58405EA9-AFC1-4519-BE74-FCEC5B48C7CF}.Release|Any CPU.Build.0 = Release|Any CPU
		{58405EA9-AFC1-4519-BE74-FCEC5B48C7CF}.Debug|iPhoneSimulator.ActiveCfg = Debug|Any CPU
		{58405EA9-AFC1-4519-BE74-FCEC5B48C7CF}.Debug|iPhoneSimulator.Build.0 = Debug|Any CPU
		{58405EA9-AFC1-4519-BE74-FCEC5B48C7CF}.Release|iPhoneSimulator.ActiveCfg = Release|Any CPU
		{58405EA9-AFC1-4519-BE74-FCEC5B48C7CF}.Release|iPhoneSimulator.Build.0 = Release|Any CPU
		{58405EA9-AFC1-4519-BE74-FCEC5B48C7CF}.Debug|iPhone.ActiveCfg = Debug|Any CPU
		{58405EA9-AFC1-4519-BE74-FCEC5B48C7CF}.Debug|iPhone.Build.0 = Debug|Any CPU
		{58405EA9-AFC1-4519-BE74-FCEC5B48C7CF}.Release|iPhone.ActiveCfg = Release|Any CPU
		{58405EA9-AFC1-4519-BE74-FCEC5B48C7CF}.Release|iPhone.Build.0 = Release|Any CPU
		{DE9F476D-6380-4DE7-BFC9-4F391C4A397A}.Debug|Any CPU.ActiveCfg = Debug|iPhoneSimulator
		{DE9F476D-6380-4DE7-BFC9-4F391C4A397A}.Debug|Any CPU.Build.0 = Debug|iPhoneSimulator
		{DE9F476D-6380-4DE7-BFC9-4F391C4A397A}.Release|Any CPU.ActiveCfg = Release|iPhoneSimulator
		{DE9F476D-6380-4DE7-BFC9-4F391C4A397A}.Release|Any CPU.Build.0 = Release|iPhoneSimulator
		{DE9F476D-6380-4DE7-BFC9-4F391C4A397A}.Debug|iPhoneSimulator.ActiveCfg = Debug|iPhoneSimulator
		{DE9F476D-6380-4DE7-BFC9-4F391C4A397A}.Debug|iPhoneSimulator.Build.0 = Debug|iPhoneSimulator
		{DE9F476D-6380-4DE7-BFC9-4F391C4A397A}.Release|iPhoneSimulator.ActiveCfg = Release|iPhoneSimulator
		{DE9F476D-6380-4DE7-BFC9-4F391C4A397A}.Release|iPhoneSimulator.Build.0 = Release|iPhoneSimulator
		{DE9F476D-6380-4DE7-BFC9-4F391C4A397A}.Debug|iPhone.ActiveCfg = Debug|iPhone
		{DE9F476D-6380-4DE7-BFC9-4F391C4A397A}.Debug|iPhone.Build.0 = Debug|iPhone
		{DE9F476D-6380-4DE7-BFC9-4F391C4A397A}.Release|iPhone.ActiveCfg = Release|iPhone
		{DE9F476D-6380-4DE7-BFC9-4F391C4A397A}.Release|iPhone.Build.0 = Release|iPhone
		{C29D8896-F255-4F9C-BEFA-CD7DC9B69B3C}.Debug|Any CPU.ActiveCfg = Debug|Any CPU
		{C29D8896-F255-4F9C-BEFA-CD7DC9B69B3C}.Debug|Any CPU.Build.0 = Debug|Any CPU
		{C29D8896-F255-4F9C-BEFA-CD7DC9B69B3C}.Release|Any CPU.ActiveCfg = Release|Any CPU
		{C29D8896-F255-4F9C-BEFA-CD7DC9B69B3C}.Release|Any CPU.Build.0 = Release|Any CPU
		{C29D8896-F255-4F9C-BEFA-CD7DC9B69B3C}.Debug|iPhoneSimulator.ActiveCfg = Debug|Any CPU
		{C29D8896-F255-4F9C-BEFA-CD7DC9B69B3C}.Debug|iPhoneSimulator.Build.0 = Debug|Any CPU
		{C29D8896-F255-4F9C-BEFA-CD7DC9B69B3C}.Release|iPhoneSimulator.ActiveCfg = Release|Any CPU
		{C29D8896-F255-4F9C-BEFA-CD7DC9B69B3C}.Release|iPhoneSimulator.Build.0 = Release|Any CPU
		{C29D8896-F255-4F9C-BEFA-CD7DC9B69B3C}.Debug|iPhone.ActiveCfg = Debug|Any CPU
		{C29D8896-F255-4F9C-BEFA-CD7DC9B69B3C}.Debug|iPhone.Build.0 = Debug|Any CPU
		{C29D8896-F255-4F9C-BEFA-CD7DC9B69B3C}.Release|iPhone.ActiveCfg = Release|Any CPU
		{C29D8896-F255-4F9C-BEFA-CD7DC9B69B3C}.Release|iPhone.Build.0 = Release|Any CPU
	EndGlobalSection
EndGlobal
